
Microsoft Visual Studio Solution File, Format Version 12.00
# Visual Studio 15
VisualStudioVersion = 15.0.28010.2050
MinimumVisualStudioVersion = 10.0.40219.1
Project("{FAE04EC0-301F-11D3-BF4B-00C04F79EFBC}") = "Books", "Books\Books.csproj", "{5519F8F6-9173-4A6C-A75A-7D6AA31409CE}"
EndProject
Project("{FAE04EC0-301F-11D3-BF4B-00C04F79EFBC}") = "DisplayBooks", "DisplayBooks\DisplayBooks.csproj", "{B607EA40-639D-451C-BBCA-89A7954E1452}"
EndProject
Global
	GlobalSection(SolutionConfigurationPlatforms) = preSolution
		Debug|Any CPU = Debug|Any CPU
		Release|Any CPU = Release|Any CPU
	EndGlobalSection
	GlobalSection(ProjectConfigurationPlatforms) = postSolution
		{5519F8F6-9173-4A6C-A75A-7D6AA31409CE}.Debug|Any CPU.ActiveCfg = Debug|Any CPU
		{5519F8F6-9173-4A6C-A75A-7D6AA31409CE}.Debug|Any CPU.Build.0 = Debug|Any CPU
		{5519F8F6-9173-4A6C-A75A-7D6AA31409CE}.Release|Any CPU.ActiveCfg = Release|Any CPU
		{5519F8F6-9173-4A6C-A75A-7D6AA31409CE}.Release|Any CPU.Build.0 = Release|Any CPU
		{B607EA40-639D-451C-BBCA-89A7954E1452}.Debug|Any CPU.ActiveCfg = Debug|Any CPU
		{B607EA40-639D-451C-BBCA-89A7954E1452}.Debug|Any CPU.Build.0 = Debug|Any CPU
		{B607EA40-639D-451C-BBCA-89A7954E1452}.Release|Any CPU.ActiveCfg = Release|Any CPU
		{B607EA40-639D-451C-BBCA-89A7954E1452}.Release|Any CPU.Build.0 = Release|Any CPU
	EndGlobalSection
	GlobalSection(SolutionProperties) = preSolution
		HideSolutionNode = FALSE
	EndGlobalSection
	GlobalSection(ExtensibilityGlobals) = postSolution
		SolutionGuid = {8E35F1FE-313B-43B1-9205-3AEADF710971}
	EndGlobalSection
EndGlobal
